{
  "name": "friend-finder",
  "lockfileVersion": 3,
  "requires": true,
  "packages": {
    "": {
      "dependencies": {
        "react-native-text-ticker": "^1.15.0"
      }
    },
    "node_modules/react-native-text-ticker": {
      "version": "1.15.0",
      "resolved": "https://registry.npmjs.org/react-native-text-ticker/-/react-native-text-ticker-1.15.0.tgz",
      "integrity": "sha512-d/uK+PIOhsYMy1r8h825iq/nADiHsabz3WMbRJSnkpQYn+K9aykUAXRRhu8ZbTAzk4CgnUWajJEFxS5ZDygsdg==",
      "license": "MIT"
    }
  }
}
